// !$*UTF8*$!
{
	archiveVersion = 1;
	classes = {
	};
	objectVersion = 55;
	objects = {

/* Begin PBXBuildFile section */
		E0358E70273F33B800032128 /* AppDelegate.swift in Sources */ = {isa = PBXBuildFile; fileRef = E0358E6F273F33B800032128 /* AppDelegate.swift */; };
		E0358E72273F33B800032128 /* SceneDelegate.swift in Sources */ = {isa = PBXBuildFile; fileRef = E0358E71273F33B800032128 /* SceneDelegate.swift */; };
		E0358E74273F33B800032128 /* ViewController.swift in Sources */ = {isa = PBXBuildFile; fileRef = E0358E73273F33B800032128 /* ViewController.swift */; };
		E0358E77273F33B800032128 /* Main.storyboard in Resources */ = {isa = PBXBuildFile; fileRef = E0358E75273F33B800032128 /* Main.storyboard */; };
		E0358E79273F33BA00032128 /* Assets.xcassets in Resources */ = {isa = PBXBuildFile; fileRef = E0358E78273F33BA00032128 /* Assets.xcassets */; };
		E0358E7C273F33BA00032128 /* LaunchScreen.storyboard in Resources */ = {isa = PBXBuildFile; fileRef = E0358E7A273F33BA00032128 /* LaunchScreen.storyboard */; };
		E0358EA0273F346400032128 /* Venue.swift in Sources */ = {isa = PBXBuildFile; fileRef = E0358E9F273F346400032128 /* Venue.swift */; };
		E06F9B00274017770058AE95 /* FetchData.swift in Sources */ = {isa = PBXBuildFile; fileRef = E06F9AFF274017770058AE95 /* FetchData.swift */; };
		E06F9B042740251F0058AE95 /* CustomCell.xib in Resources */ = {isa = PBXBuildFile; fileRef = E06F9B032740251F0058AE95 /* CustomCell.xib */; };
		E0733522274060D200CD5347 /* GreggieFont.ttf in Resources */ = {isa = PBXBuildFile; fileRef = E0733521274060D200CD5347 /* GreggieFont.ttf */; };
		E0BAC36027403152003B64B0 /* CustomCell.swift in Sources */ = {isa = PBXBuildFile; fileRef = E0BAC35F27403152003B64B0 /* CustomCell.swift */; };
/* End PBXBuildFile section */

/* Begin PBXContainerItemProxy section */
		E0358E83273F33BA00032128 /* PBXContainerItemProxy */ = {
			isa = PBXContainerItemProxy;
			containerPortal = E0358E64273F33B800032128 /* Project object */;
			proxyType = 1;
			remoteGlobalIDString = E0358E6B273F33B800032128;
			remoteInfo = where2meet;
		};
		E0358E8D273F33BA00032128 /* PBXContainerItemProxy */ = {
			isa = PBXContainerItemProxy;
			containerPortal = E0358E64273F33B800032128 /* Project object */;
			proxyType = 1;
			remoteGlobalIDString = E0358E6B273F33B800032128;
			remoteInfo = where2meet;
		};
/* End PBXContainerItemProxy section */

/* Begin PBXFileReference section */
		E0358E6C273F33B800032128 /* where2meet.app */ = {isa = PBXFileReference; explicitFileType = wrapper.application; includeInIndex = 0; path = where2meet.app; sourceTree = BUILT_PRODUCTS_DIR; };
		E0358E6F273F33B800032128 /* AppDelegate.swift */ = {isa = PBXFileReference; lastKnownFileType = sourcecode.swift; path = AppDelegate.swift; sourceTree = "<group>"; };
		E0358E71273F33B800032128 /* SceneDelegate.swift */ = {isa = PBXFileReference; lastKnownFileType = sourcecode.swift; path = SceneDelegate.swift; sourceTree = "<group>"; };
		E0358E73273F33B800032128 /* ViewController.swift */ = {isa = PBXFileReference; lastKnownFileType = sourcecode.swift; path = ViewController.swift; sourceTree = "<group>"; };
		E0358E76273F33B800032128 /* Base */ = {isa = PBXFileReference; lastKnownFileType = file.storyboard; name = Base; path = Base.lproj/Main.storyboard; sourceTree = "<group>"; };
		E0358E78273F33BA00032128 /* Assets.xcassets */ = {isa = PBXFileReference; lastKnownFileType = folder.assetcatalog; path = Assets.xcassets; sourceTree = "<group>"; };
		E0358E7B273F33BA00032128 /* Base */ = {isa = PBXFileReference; lastKnownFileType = file.storyboard; name = Base; path = Base.lproj/LaunchScreen.storyboard; sourceTree = "<group>"; };
		E0358E7D273F33BA00032128 /* Info.plist */ = {isa = PBXFileReference; lastKnownFileType = text.plist.xml; path = Info.plist; sourceTree = "<group>"; };
		E0358E82273F33BA00032128 /* where2meetTests.xctest */ = {isa = PBXFileReference; explicitFileType = wrapper.cfbundle; includeInIndex = 0; path = where2meetTests.xctest; sourceTree = BUILT_PRODUCTS_DIR; };
		E0358E8C273F33BA00032128 /* where2meetUITests.xctest */ = {isa = PBXFileReference; explicitFileType = wrapper.cfbundle; includeInIndex = 0; path = where2meetUITests.xctest; sourceTree = BUILT_PRODUCTS_DIR; };
		E0358E9F273F346400032128 /* Venue.swift */ = {isa = PBXFileReference; lastKnownFileType = sourcecode.swift; path = Venue.swift; sourceTree = "<group>"; };
		E06F9AFF274017770058AE95 /* FetchData.swift */ = {isa = PBXFileReference; lastKnownFileType = sourcecode.swift; path = FetchData.swift; sourceTree = "<group>"; };
		E06F9B032740251F0058AE95 /* CustomCell.xib */ = {isa = PBXFileReference; lastKnownFileType = file.xib; path = CustomCell.xib; sourceTree = "<group>"; };
		E0733521274060D200CD5347 /* GreggieFont.ttf */ = {isa = PBXFileReference; lastKnownFileType = file; path = GreggieFont.ttf; sourceTree = "<group>"; };
		E0BAC35F27403152003B64B0 /* CustomCell.swift */ = {isa = PBXFileReference; lastKnownFileType = sourcecode.swift; path = CustomCell.swift; sourceTree = "<group>"; };
/* End PBXFileReference section */

/* Begin PBXFrameworksBuildPhase section */
		E0358E69273F33B800032128 /* Frameworks */ = {
			isa = PBXFrameworksBuildPhase;
			buildActionMask = 2147483647;
			files = (
			);
			runOnlyForDeploymentPostprocessing = 0;
		};
		E0358E7F273F33BA00032128 /* Frameworks */ = {
			isa = PBXFrameworksBuildPhase;
			buildActionMask = 2147483647;
			files = (
			);
			runOnlyForDeploymentPostprocessing = 0;
		};
		E0358E89273F33BA00032128 /* Frameworks */ = {
			isa = PBXFrameworksBuildPhase;
			buildActionMask = 2147483647;
			files = (
			);
			runOnlyForDeploymentPostprocessing = 0;
		};
/* End PBXFrameworksBuildPhase section */

/* Begin PBXGroup section */
		E0358E63273F33B800032128 = {
			isa = PBXGroup;
			children = (
				E0358E6E273F33B800032128 /* where2meet */,
				E0358E6D273F33B800032128 /* Products */,
			);
			sourceTree = "<group>";
		};
		E0358E6D273F33B800032128 /* Products */ = {
			isa = PBXGroup;
			children = (
				E0358E6C273F33B800032128 /* where2meet.app */,
				E0358E82273F33BA00032128 /* where2meetTests.xctest */,
				E0358E8C273F33BA00032128 /* where2meetUITests.xctest */,
			);
			name = Products;
			sourceTree = "<group>";
		};
		E0358E6E273F33B800032128 /* where2meet */ = {
			isa = PBXGroup;
			children = (
				E0733520274060B400CD5347 /* fonts */,
				E06F9AFF274017770058AE95 /* FetchData.swift */,
				E0358E9F273F346400032128 /* Venue.swift */,
				E0358E6F273F33B800032128 /* AppDelegate.swift */,
				E0358E71273F33B800032128 /* SceneDelegate.swift */,
				E0358E73273F33B800032128 /* ViewController.swift */,
				E0358E75273F33B800032128 /* Main.storyboard */,
				E0358E78273F33BA00032128 /* Assets.xcassets */,
				E0358E7A273F33BA00032128 /* LaunchScreen.storyboard */,
				E0358E7D273F33BA00032128 /* Info.plist */,
				E06F9B032740251F0058AE95 /* CustomCell.xib */,
				E0BAC35F27403152003B64B0 /* CustomCell.swift */,
			);
			path = where2meet;
			sourceTree = "<group>";
		};
		E0733520274060B400CD5347 /* fonts */ = {
			isa = PBXGroup;
			children = (
				E0733521274060D200CD5347 /* GreggieFont.ttf */,
			);
			path = fonts;
			sourceTree = "<group>";
		};
/* End PBXGroup section */

/* Begin PBXNativeTarget section */
		E0358E6B273F33B800032128 /* where2meet */ = {
			isa = PBXNativeTarget;
			buildConfigurationList = E0358E96273F33BA00032128 /* Build configuration list for PBXNativeTarget "where2meet" */;
			buildPhases = (
				E0358E68273F33B800032128 /* Sources */,
				E0358E69273F33B800032128 /* Frameworks */,
				E0358E6A273F33B800032128 /* Resources */,
			);
			buildRules = (
			);
			dependencies = (
			);
			name = where2meet;
			productName = where2meet;
			productReference = E0358E6C273F33B800032128 /* where2meet.app */;
			productType = "com.apple.product-type.application";
		};
		E0358E81273F33BA00032128 /* where2meetTests */ = {
			isa = PBXNativeTarget;
			buildConfigurationList = E0358E99273F33BA00032128 /* Build configuration list for PBXNativeTarget "where2meetTests" */;
			buildPhases = (
				E0358E7E273F33BA00032128 /* Sources */,
				E0358E7F273F33BA00032128 /* Frameworks */,
				E0358E80273F33BA00032128 /* Resources */,
			);
			buildRules = (
			);
			dependencies = (
				E0358E84273F33BA00032128 /* PBXTargetDependency */,
			);
			name = where2meetTests;
			productName = where2meetTests;
			productReference = E0358E82273F33BA00032128 /* where2meetTests.xctest */;
			productType = "com.apple.product-type.bundle.unit-test";
		};
		E0358E8B273F33BA00032128 /* where2meetUITests */ = {
			isa = PBXNativeTarget;
			buildConfigurationList = E0358E9C273F33BA00032128 /* Build configuration list for PBXNativeTarget "where2meetUITests" */;
			buildPhases = (
				E0358E88273F33BA00032128 /* Sources */,
				E0358E89273F33BA00032128 /* Frameworks */,
				E0358E8A273F33BA00032128 /* Resources */,
			);
			buildRules = (
			);
			dependencies = (
				E0358E8E273F33BA00032128 /* PBXTargetDependency */,
			);
			name = where2meetUITests;
			productName = where2meetUITests;
			productReference = E0358E8C273F33BA00032128 /* where2meetUITests.xctest */;
			productType = "com.apple.product-type.bundle.ui-testing";
		};
/* End PBXNativeTarget section */

/* Begin PBXProject section */
		E0358E64273F33B800032128 /* Project object */ = {
			isa = PBXProject;
			attributes = {
				BuildIndependentTargetsInParallel = 1;
				LastSwiftUpdateCheck = 1310;
				LastUpgradeCheck = 1310;
				TargetAttributes = {
					E0358E6B273F33B800032128 = {
						CreatedOnToolsVersion = 13.1;
					};
					E0358E81273F33BA00032128 = {
						CreatedOnToolsVersion = 13.1;
						TestTargetID = E0358E6B273F33B800032128;
					};
					E0358E8B273F33BA00032128 = {
						CreatedOnToolsVersion = 13.1;
						TestTargetID = E0358E6B273F33B800032128;
					};
				};
			};
			buildConfigurationList = E0358E67273F33B800032128 /* Build configuration list for PBXProject "where2meet" */;
			compatibilityVersion = "Xcode 13.0";
			developmentRegion = en;
			hasScannedForEncodings = 0;
			knownRegions = (
				en,
				Base,
			);
			mainGroup = E0358E63273F33B800032128;
			productRefGroup = E0358E6D273F33B800032128 /* Products */;
			projectDirPath = "";
			projectRoot = "";
			targets = (
				E0358E6B273F33B800032128 /* where2meet */,
				E0358E81273F33BA00032128 /* where2meetTests */,
				E0358E8B273F33BA00032128 /* where2meetUITests */,
			);
		};
/* End PBXProject section */

/* Begin PBXResourcesBuildPhase section */
		E0358E6A273F33B800032128 /* Resources */ = {
			isa = PBXResourcesBuildPhase;
			buildActionMask = 2147483647;
			files = (
				E0733522274060D200CD5347 /* GreggieFont.ttf in Resources */,
				E0358E7C273F33BA00032128 /* LaunchScreen.storyboard in Resources */,
				E0358E79273F33BA00032128 /* Assets.xcassets in Resources */,
				E06F9B042740251F0058AE95 /* CustomCell.xib in Resources */,
				E0358E77273F33B800032128 /* Main.storyboard in Resources */,
			);
			runOnlyForDeploymentPostprocessing = 0;
		};
		E0358E80273F33BA00032128 /* Resources */ = {
			isa = PBXResourcesBuildPhase;
			buildActionMask = 2147483647;
			files = (
			);
			runOnlyForDeploymentPostprocessing = 0;
		};
		E0358E8A273F33BA00032128 /* Resources */ = {
			isa = PBXResourcesBuildPhase;
			buildActionMask = 2147483647;
			files = (
			);
			runOnlyForDeploymentPostprocessing = 0;
		};
/* End PBXResourcesBuildPhase section */

/* Begin PBXSourcesBuildPhase section */
		E0358E68273F33B800032128 /* Sources */ = {
			isa = PBXSourcesBuildPhase;
			buildActionMask = 2147483647;
			files = (
				E0358E74273F33B800032128 /* ViewController.swift in Sources */,
				E0358EA0273F346400032128 /* Venue.swift in Sources */,
				E06F9B00274017770058AE95 /* FetchData.swift in Sources */,
				E0358E70273F33B800032128 /* AppDelegate.swift in Sources */,
				E0BAC36027403152003B64B0 /* CustomCell.swift in Sources */,
				E0358E72273F33B800032128 /* SceneDelegate.swift in Sources */,
			);
			runOnlyForDeploymentPostprocessing = 0;
		};
		E0358E7E273F33BA00032128 /* Sources */ = {
			isa = PBXSourcesBuildPhase;
			buildActionMask = 2147483647;
			files = (
			);
			runOnlyForDeploymentPostprocessing = 0;
		};
		E0358E88273F33BA00032128 /* Sources */ = {
			isa = PBXSourcesBuildPhase;
			buildActionMask = 2147483647;
			files = (
			);
			runOnlyForDeploymentPostprocessing = 0;
		};
/* End PBXSourcesBuildPhase section */

/* Begin PBXTargetDependency section */
		E0358E84273F33BA00032128 /* PBXTargetDependency */ = {
			isa = PBXTargetDependency;
			target = E0358E6B273F33B800032128 /* where2meet */;
			targetProxy = E0358E83273F33BA00032128 /* PBXContainerItemProxy */;
		};
		E0358E8E273F33BA00032128 /* PBXTargetDependency */ = {
			isa = PBXTargetDependency;
			target = E0358E6B273F33B800032128 /* where2meet */;
			targetProxy = E0358E8D273F33BA00032128 /* PBXContainerItemProxy */;
		};
/* End PBXTargetDependency section */

/* Begin PBXVariantGroup section */
		E0358E75273F33B800032128 /* Main.storyboard */ = {
			isa = PBXVariantGroup;
			children = (
				E0358E76273F33B800032128 /* Base */,
			);
			name = Main.storyboard;
			sourceTree = "<group>";
		};
		E0358E7A273F33BA00032128 /* LaunchScreen.storyboard */ = {
			isa = PBXVariantGroup;
			children = (
				E0358E7B273F33BA00032128 /* Base */,
			);
			name = LaunchScreen.storyboard;
			sourceTree = "<group>";
		};
/* End PBXVariantGroup section */

/* Begin XCBuildConfiguration section */
		E0358E94273F33BA00032128 /* Debug */ = {
			isa = XCBuildConfiguration;
			buildSettings = {
				ALWAYS_SEARCH_USER_PATHS = NO;
				CLANG_ANALYZER_NONNULL = YES;
				CLANG_ANALYZER_NUMBER_OBJECT_CONVERSION = YES_AGGRESSIVE;
				CLANG_CXX_LANGUAGE_STANDARD = "gnu++17";
				CLANG_CXX_LIBRARY = "libc++";
				CLANG_ENABLE_MODULES = YES;
				CLANG_ENABLE_OBJC_ARC = YES;
				CLANG_ENABLE_OBJC_WEAK = YES;
				CLANG_WARN_BLOCK_CAPTURE_AUTORELEASING = YES;
				CLANG_WARN_BOOL_CONVERSION = YES;
				CLANG_WARN_COMMA = YES;
				CLANG_WARN_CONSTANT_CONVERSION = YES;
				CLANG_WARN_DEPRECATED_OBJC_IMPLEMENTATIONS = YES;
				CLANG_WARN_DIRECT_OBJC_ISA_USAGE = YES_ERROR;
				CLANG_WARN_DOCUMENTATION_COMMENTS = YES;
				CLANG_WARN_EMPTY_BODY = YES;
				CLANG_WARN_ENUM_CONVERSION = YES;
				CLANG_WARN_INFINITE_RECURSION = YES;
				CLANG_WARN_INT_CONVERSION = YES;
				CLANG_WARN_NON_LITERAL_NULL_CONVERSION = YES;
				CLANG_WARN_OBJC_IMPLICIT_RETAIN_SELF = YES;
				CLANG_WARN_OBJC_LITERAL_CONVERSION = YES;
				CLANG_WARN_OBJC_ROOT_CLASS = YES_ERROR;
				CLANG_WARN_QUOTED_INCLUDE_IN_FRAMEWORK_HEADER = YES;
				CLANG_WARN_RANGE_LOOP_ANALYSIS = YES;
				CLANG_WARN_STRICT_PROTOTYPES = YES;
				CLANG_WARN_SUSPICIOUS_MOVE = YES;
				CLANG_WARN_UNGUARDED_AVAILABILITY = YES_AGGRESSIVE;
				CLANG_WARN_UNREACHABLE_CODE = YES;
				CLANG_WARN__DUPLICATE_METHOD_MATCH = YES;
				COPY_PHASE_STRIP = NO;
				DEBUG_INFORMATION_FORMAT = dwarf;
				ENABLE_STRICT_OBJC_MSGSEND = YES;
				ENABLE_TESTABILITY = YES;
				GCC_C_LANGUAGE_STANDARD = gnu11;
				GCC_DYNAMIC_NO_PIC = NO;
				GCC_NO_COMMON_BLOCKS = YES;
				GCC_OPTIMIZATION_LEVEL = 0;
				GCC_PREPROCESSOR_DEFINITIONS = (
					"DEBUG=1",
					"$(inherited)",
				);
				GCC_WARN_64_TO_32_BIT_CONVERSION = YES;
				GCC_WARN_ABOUT_RETURN_TYPE = YES_ERROR;
				GCC_WARN_UNDECLARED_SELECTOR = YES;
				GCC_WARN_UNINITIALIZED_AUTOS = YES_AGGRESSIVE;
				GCC_WARN_UNUSED_FUNCTION = YES;
				GCC_WARN_UNUSED_VARIABLE = YES;
				IPHONEOS_DEPLOYMENT_TARGET = 13.2;
				MTL_ENABLE_DEBUG_INFO = INCLUDE_SOURCE;
				MTL_FAST_MATH = YES;
				ONLY_ACTIVE_ARCH = YES;
				SDKROOT = iphoneos;
				SWIFT_ACTIVE_COMPILATION_CONDITIONS = DEBUG;
				SWIFT_COMPILATION_MODE = singlefile;
				SWIFT_OPTIMIZATION_LEVEL = "-Onone";
			};
			name = Debug;
		};
		E0358E95273F33BA00032128 /* Release */ = {
			isa = XCBuildConfiguration;
			buildSettings = {
				ALWAYS_SEARCH_USER_PATHS = NO;
				CLANG_ANALYZER_NONNULL = YES;
				CLANG_ANALYZER_NUMBER_OBJECT_CONVERSION = YES_AGGRESSIVE;
				CLANG_CXX_LANGUAGE_STANDARD = "gnu++17";
				CLANG_CXX_LIBRARY = "libc++";
				CLANG_ENABLE_MODULES = YES;
				CLANG_ENABLE_OBJC_ARC = YES;
				CLANG_ENABLE_OBJC_WEAK = YES;
				CLANG_WARN_BLOCK_CAPTURE_AUTORELEASING = YES;
				CLANG_WARN_BOOL_CONVERSION = YES;
				CLANG_WARN_COMMA = YES;
				CLANG_WARN_CONSTANT_CONVERSION = YES;
				CLANG_WARN_DEPRECATED_OBJC_IMPLEMENTATIONS = YES;
				CLANG_WARN_DIRECT_OBJC_ISA_USAGE = YES_ERROR;
				CLANG_WARN_DOCUMENTATION_COMMENTS = YES;
				CLANG_WARN_EMPTY_BODY = YES;
				CLANG_WARN_ENUM_CONVERSION = YES;
				CLANG_WARN_INFINITE_RECURSION = YES;
				CLANG_WARN_INT_CONVERSION = YES;
				CLANG_WARN_NON_LITERAL_NULL_CONVERSION = YES;
				CLANG_WARN_OBJC_IMPLICIT_RETAIN_SELF = YES;
				CLANG_WARN_OBJC_LITERAL_CONVERSION = YES;
				CLANG_WARN_OBJC_ROOT_CLASS = YES_ERROR;
				CLANG_WARN_QUOTED_INCLUDE_IN_FRAMEWORK_HEADER = YES;
				CLANG_WARN_RANGE_LOOP_ANALYSIS = YES;
				CLANG_WARN_STRICT_PROTOTYPES = YES;
				CLANG_WARN_SUSPICIOUS_MOVE = YES;
				CLANG_WARN_UNGUARDED_AVAILABILITY = YES_AGGRESSIVE;
				CLANG_WARN_UNREACHABLE_CODE = YES;
				CLANG_WARN__DUPLICATE_METHOD_MATCH = YES;
				COPY_PHASE_STRIP = NO;
				DEBUG_INFORMATION_FORMAT = "dwarf-with-dsym";
				ENABLE_NS_ASSERTIONS = NO;
				ENABLE_STRICT_OBJC_MSGSEND = YES;
				GCC_C_LANGUAGE_STANDARD = gnu11;
				GCC_NO_COMMON_BLOCKS = YES;
				GCC_WARN_64_TO_32_BIT_CONVERSION = YES;
				GCC_WARN_ABOUT_RETURN_TYPE = YES_ERROR;
				GCC_WARN_UNDECLARED_SELECTOR = YES;
				GCC_WARN_UNINITIALIZED_AUTOS = YES_AGGRESSIVE;
				GCC_WARN_UNUSED_FUNCTION = YES;
				GCC_WARN_UNUSED_VARIABLE = YES;
				IPHONEOS_DEPLOYMENT_TARGET = 13.2;
				MTL_ENABLE_DEBUG_INFO = NO;
				MTL_FAST_MATH = YES;
				SDKROOT = iphoneos;
				SWIFT_COMPILATION_MODE = wholemodule;
				SWIFT_OPTIMIZATION_LEVEL = "-O";
				VALIDATE_PRODUCT = YES;
			};
			name = Release;
		};
		E0358E97273F33BA00032128 /* Debug */ = {
			isa = XCBuildConfiguration;
			buildSettings = {
				ASSETCATALOG_COMPILER_APPICON_NAME = AppIcon;
				ASSETCATALOG_COMPILER_GLOBAL_ACCENT_COLOR_NAME = AccentColor;
				CODE_SIGN_STYLE = Automatic;
				CURRENT_PROJECT_VERSION = 1;
				DEVELOPMENT_TEAM = 5QH99Q6G5H;
				GENERATE_INFOPLIST_FILE = YES;
				INFOPLIST_FILE = where2meet/Info.plist;
				INFOPLIST_KEY_UIApplicationSupportsIndirectInputEvents = YES;
				INFOPLIST_KEY_UILaunchStoryboardName = LaunchScreen;
				INFOPLIST_KEY_UIMainStoryboardFile = Main;
				INFOPLIST_KEY_UISupportedInterfaceOrientations_iPad = "UIInterfaceOrientationPortrait UIInterfaceOrientationPortraitUpsideDown UIInterfaceOrientationLandscapeLeft UIInterfaceOrientationLandscapeRight";
				INFOPLIST_KEY_UISupportedInterfaceOrientations_iPhone = "UIInterfaceOrientationPortrait UIInterfaceOrientationLandscapeLeft UIInterfaceOrientationLandscapeRight";
				LD_RUNPATH_SEARCH_PATHS = (
					"$(inherited)",
					"@executable_path/Frameworks",
				);
				MARKETING_VERSION = 1.0;
				PRODUCT_BUNDLE_IDENTIFIER = com.test.where2meet;
				PRODUCT_NAME = "$(TARGET_NAME)";
				SWIFT_EMIT_LOC_STRINGS = YES;
				SWIFT_VERSION = 5.0;
				TARGETED_DEVICE_FAMILY = "1,2";
			};
			name = Debug;
		};
		E0358E98273F33BA00032128 /* Release */ = {
			isa = XCBuildConfiguration;
			buildSettings = {
				ASSETCATALOG_COMPILER_APPICON_NAME = AppIcon;
				ASSETCATALOG_COMPILER_GLOBAL_ACCENT_COLOR_NAME = AccentColor;
				CODE_SIGN_STYLE = Automatic;
				CURRENT_PROJECT_VERSION = 1;
				DEVELOPMENT_TEAM = 5QH99Q6G5H;
				GENERATE_INFOPLIST_FILE = YES;
				INFOPLIST_FILE = where2meet/Info.plist;
				INFOPLIST_KEY_UIApplicationSupportsIndirectInputEvents = YES;
				INFOPLIST_KEY_UILaunchStoryboardName = LaunchScreen;
				INFOPLIST_KEY_UIMainStoryboardFile = Main;
				INFOPLIST_KEY_UISupportedInterfaceOrientations_iPad = "UIInterfaceOrientationPortrait UIInterfaceOrientationPortraitUpsideDown UIInterfaceOrientationLandscapeLeft UIInterfaceOrientationLandscapeRight";
				INFOPLIST_KEY_UISupportedInterfaceOrientations_iPhone = "UIInterfaceOrientationPortrait UIInterfaceOrientationLandscapeLeft UIInterfaceOrientationLandscapeRight";
				LD_RUNPATH_SEARCH_PATHS = (
					"$(inherited)",
					"@executable_path/Frameworks",
				);
				MARKETING_VERSION = 1.0;
				PRODUCT_BUNDLE_IDENTIFIER = com.test.where2meet;
				PRODUCT_NAME = "$(TARGET_NAME)";
				SWIFT_EMIT_LOC_STRINGS = YES;
				SWIFT_VERSION = 5.0;
				TARGETED_DEVICE_FAMILY = "1,2";
			};
			name = Release;
		};
		E0358E9A273F33BA00032128 /* Debug */ = {
			isa = XCBuildConfiguration;
			buildSettings = {
				ALWAYS_EMBED_SWIFT_STANDARD_LIBRARIES = YES;
				BUNDLE_LOADER = "$(TEST_HOST)";
				CODE_SIGN_STYLE = Automatic;
				CURRENT_PROJECT_VERSION = 1;
				GENERATE_INFOPLIST_FILE = YES;
				IPHONEOS_DEPLOYMENT_TARGET = 15.0;
				LD_RUNPATH_SEARCH_PATHS = (
					"$(inherited)",
					"@executable_path/Frameworks",
					"@loader_path/Frameworks",
				);
				MARKETING_VERSION = 1.0;
				PRODUCT_BUNDLE_IDENTIFIER = com.test.where2meetTests;
				PRODUCT_NAME = "$(TARGET_NAME)";
				SWIFT_EMIT_LOC_STRINGS = NO;
				SWIFT_VERSION = 5.0;
				TARGETED_DEVICE_FAMILY = "1,2";
				TEST_HOST = "$(BUILT_PRODUCTS_DIR)/where2meet.app/where2meet";
			};
			name = Debug;
		};
		E0358E9B273F33BA00032128 /* Release */ = {
			isa = XCBuildConfiguration;
			buildSettings = {
				ALWAYS_EMBED_SWIFT_STANDARD_LIBRARIES = YES;
				BUNDLE_LOADER = "$(TEST_HOST)";
				CODE_SIGN_STYLE = Automatic;
				CURRENT_PROJECT_VERSION = 1;
				GENERATE_INFOPLIST_FILE = YES;
				IPHONEOS_DEPLOYMENT_TARGET = 15.0;
				LD_RUNPATH_SEARCH_PATHS = (
					"$(inherited)",
					"@executable_path/Frameworks",
					"@loader_path/Frameworks",
				);
				MARKETING_VERSION = 1.0;
				PRODUCT_BUNDLE_IDENTIFIER = com.test.where2meetTests;
				PRODUCT_NAME = "$(TARGET_NAME)";
				SWIFT_EMIT_LOC_STRINGS = NO;
				SWIFT_VERSION = 5.0;
				TARGETED_DEVICE_FAMILY = "1,2";
				TEST_HOST = "$(BUILT_PRODUCTS_DIR)/where2meet.app/where2meet";
			};
			name = Release;
		};
		E0358E9D273F33BA00032128 /* Debug */ = {
			isa = XCBuildConfiguration;
			buildSettings = {
				ALWAYS_EMBED_SWIFT_STANDARD_LIBRARIES = YES;
				CODE_SIGN_STYLE = Automatic;
				CURRENT_PROJECT_VERSION = 1;
				GENERATE_INFOPLIST_FILE = YES;
				LD_RUNPATH_SEARCH_PATHS = (
					"$(inherited)",
					"@executable_path/Frameworks",
					"@loader_path/Frameworks",
				);
				MARKETING_VERSION = 1.0;
				PRODUCT_BUNDLE_IDENTIFIER = com.test.where2meetUITests;
				PRODUCT_NAME = "$(TARGET_NAME)";
				SWIFT_EMIT_LOC_STRINGS = NO;
				SWIFT_VERSION = 5.0;
				TARGETED_DEVICE_FAMILY = "1,2";
				TEST_TARGET_NAME = where2meet;
			};
			name = Debug;
		};
		E0358E9E273F33BA00032128 /* Release */ = {
			isa = XCBuildConfiguration;
			buildSettings = {
				ALWAYS_EMBED_SWIFT_STANDARD_LIBRARIES = YES;
				CODE_SIGN_STYLE = Automatic;
				CURRENT_PROJECT_VERSION = 1;
				GENERATE_INFOPLIST_FILE = YES;
				LD_RUNPATH_SEARCH_PATHS = (
					"$(inherited)",
					"@executable_path/Frameworks",
					"@loader_path/Frameworks",
				);
				MARKETING_VERSION = 1.0;
				PRODUCT_BUNDLE_IDENTIFIER = com.test.where2meetUITests;
				PRODUCT_NAME = "$(TARGET_NAME)";
				SWIFT_EMIT_LOC_STRINGS = NO;
				SWIFT_VERSION = 5.0;
				TARGETED_DEVICE_FAMILY = "1,2";
				TEST_TARGET_NAME = where2meet;
			};
			name = Release;
		};
/* End XCBuildConfiguration section */

/* Begin XCConfigurationList section */
		E0358E67273F33B800032128 /* Build configuration list for PBXProject "where2meet" */ = {
			isa = XCConfigurationList;
			buildConfigurations = (
				E0358E94273F33BA00032128 /* Debug */,
				E0358E95273F33BA00032128 /* Release */,
			);
			defaultConfigurationIsVisible = 0;
			defaultConfigurationName = Release;
		};
		E0358E96273F33BA00032128 /* Build configuration list for PBXNativeTarget "where2meet" */ = {
			isa = XCConfigurationList;
			buildConfigurations = (
				E0358E97273F33BA00032128 /* Debug */,
				E0358E98273F33BA00032128 /* Release */,
			);
			defaultConfigurationIsVisible = 0;
			defaultConfigurationName = Release;
		};
		E0358E99273F33BA00032128 /* Build configuration list for PBXNativeTarget "where2meetTests" */ = {
			isa = XCConfigurationList;
			buildConfigurations = (
				E0358E9A273F33BA00032128 /* Debug */,
				E0358E9B273F33BA00032128 /* Release */,
			);
			defaultConfigurationIsVisible = 0;
			defaultConfigurationName = Release;
		};
		E0358E9C273F33BA00032128 /* Build configuration list for PBXNativeTarget "where2meetUITests" */ = {
			isa = XCConfigurationList;
			buildConfigurations = (
				E0358E9D273F33BA00032128 /* Debug */,
				E0358E9E273F33BA00032128 /* Release */,
			);
			defaultConfigurationIsVisible = 0;
			defaultConfigurationName = Release;
		};
/* End XCConfigurationList section */
	};
	rootObject = E0358E64273F33B800032128 /* Project object */;
}
